# THIS IS AN AUTOGENERATED FILE. DO NOT EDIT THIS FILE DIRECTLY.
# yarn lockfile v1


lodash.property@^4.4.2:
  version "4.4.2"
  resolved "https://registry.yarnpkg.com/lodash.property/-/lodash.property-4.4.2.tgz#da07124821c6409d025f30db8df851314515bffe"
  integrity sha1-2gcSSCHGQJ0CXzDbjfhRMUUVv/4=
